// !$*UTF8*$!
{
	archiveVersion = 1;
	classes = {
	};
	objectVersion = 56;
	objects = {

/* Begin PBXBuildFile section */
		752004EA2B5CDB7000A68B9A /* Api.swift in Sources */ = {isa = PBXBuildFile; fileRef = 752004E92B5CDB6F00A68B9A /* Api.swift */; };
		752004EC2B5CF5DB00A68B9A /* VerificationView.swift in Sources */ = {isa = PBXBuildFile; fileRef = 752004EB2B5CF5DB00A68B9A /* VerificationView.swift */; };
		756FBD9E2B5B6EAA00C385AA /* README.md in Resources */ = {isa = PBXBuildFile; fileRef = 756FBD9D2B5B6EAA00C385AA /* README.md */; };
		756FBDA02B5C21B000C385AA /* LoginViewModel.swift in Sources */ = {isa = PBXBuildFile; fileRef = 756FBD9F2B5C21B000C385AA /* LoginViewModel.swift */; };
		756FBDA22B5C223200C385AA /* PhoneNumberTextFieldWrapper.swift in Sources */ = {isa = PBXBuildFile; fileRef = 756FBDA12B5C223200C385AA /* PhoneNumberTextFieldWrapper.swift */; };
		757A3D8F2B565C4A00BF8D61 /* EPayApp.swift in Sources */ = {isa = PBXBuildFile; fileRef = 757A3D8E2B565C4A00BF8D61 /* EPayApp.swift */; };
		757A3D912B565C4A00BF8D61 /* LoginView.swift in Sources */ = {isa = PBXBuildFile; fileRef = 757A3D902B565C4A00BF8D61 /* LoginView.swift */; };
		757A3D932B565C4B00BF8D61 /* Assets.xcassets in Resources */ = {isa = PBXBuildFile; fileRef = 757A3D922B565C4B00BF8D61 /* Assets.xcassets */; };
		757A3D962B565C4B00BF8D61 /* Preview Assets.xcassets in Resources */ = {isa = PBXBuildFile; fileRef = 757A3D952B565C4B00BF8D61 /* Preview Assets.xcassets */; };
		757A3DA02B565C4B00BF8D61 /* EPayTests.swift in Sources */ = {isa = PBXBuildFile; fileRef = 757A3D9F2B565C4B00BF8D61 /* EPayTests.swift */; };
		757A3DAA2B565C4B00BF8D61 /* EPayUITests.swift in Sources */ = {isa = PBXBuildFile; fileRef = 757A3DA92B565C4B00BF8D61 /* EPayUITests.swift */; };
		757A3DAC2B565C4B00BF8D61 /* EPayUITestsLaunchTests.swift in Sources */ = {isa = PBXBuildFile; fileRef = 757A3DAB2B565C4B00BF8D61 /* EPayUITestsLaunchTests.swift */; };
		7586BD5A2B5F8C1E0041B9A5 /* HomeView.swift in Sources */ = {isa = PBXBuildFile; fileRef = 7586BD592B5F8C1E0041B9A5 /* HomeView.swift */; };
		7586BD5C2B5FABA40041B9A5 /* BottomButton.swift in Sources */ = {isa = PBXBuildFile; fileRef = 7586BD5B2B5FABA40041B9A5 /* BottomButton.swift */; };
		7586BD602B5FB2A00041B9A5 /* BarTitle.swift in Sources */ = {isa = PBXBuildFile; fileRef = 7586BD5F2B5FB2A00041B9A5 /* BarTitle.swift */; };
		7586BD642B607CB10041B9A5 /* CircularLoading.swift in Sources */ = {isa = PBXBuildFile; fileRef = 7586BD632B607CB10041B9A5 /* CircularLoading.swift */; };
		758AB8262B588981000C968A /* Launch Screen.storyboard in Resources */ = {isa = PBXBuildFile; fileRef = 758AB8252B588981000C968A /* Launch Screen.storyboard */; };
		758C1DEE2B62504C004CE379 /* PhoneNumberKit in Frameworks */ = {isa = PBXBuildFile; productRef = 758C1DED2B62504C004CE379 /* PhoneNumberKit */; };
/* End PBXBuildFile section */

/* Begin PBXContainerItemProxy section */
		757A3D9C2B565C4B00BF8D61 /* PBXContainerItemProxy */ = {
			isa = PBXContainerItemProxy;
			containerPortal = 757A3D832B565C4A00BF8D61 /* Project object */;
			proxyType = 1;
			remoteGlobalIDString = 757A3D8A2B565C4A00BF8D61;
			remoteInfo = Homework1;
		};
		757A3DA62B565C4B00BF8D61 /* PBXContainerItemProxy */ = {
			isa = PBXContainerItemProxy;
			containerPortal = 757A3D832B565C4A00BF8D61 /* Project object */;
			proxyType = 1;
			remoteGlobalIDString = 757A3D8A2B565C4A00BF8D61;
			remoteInfo = Homework1;
		};
/* End PBXContainerItemProxy section */

/* Begin PBXCopyFilesBuildPhase section */
		758C1DEB2B624FB0004CE379 /* Embed Frameworks */ = {
			isa = PBXCopyFilesBuildPhase;
			buildActionMask = 2147483647;
			dstPath = "";
			dstSubfolderSpec = 10;
			files = (
			);
			name = "Embed Frameworks";
			runOnlyForDeploymentPostprocessing = 0;
		};
/* End PBXCopyFilesBuildPhase section */

/* Begin PBXFileReference section */
		752004E92B5CDB6F00A68B9A /* Api.swift */ = {isa = PBXFileReference; fileEncoding = 4; lastKnownFileType = sourcecode.swift; path = Api.swift; sourceTree = "<group>"; };
		752004EB2B5CF5DB00A68B9A /* VerificationView.swift */ = {isa = PBXFileReference; lastKnownFileType = sourcecode.swift; path = VerificationView.swift; sourceTree = "<group>"; };
		756FBD9D2B5B6EAA00C385AA /* README.md */ = {isa = PBXFileReference; lastKnownFileType = net.daringfireball.markdown; path = README.md; sourceTree = "<group>"; };
		756FBD9F2B5C21B000C385AA /* LoginViewModel.swift */ = {isa = PBXFileReference; lastKnownFileType = sourcecode.swift; path = LoginViewModel.swift; sourceTree = "<group>"; };
		756FBDA12B5C223200C385AA /* PhoneNumberTextFieldWrapper.swift */ = {isa = PBXFileReference; lastKnownFileType = sourcecode.swift; path = PhoneNumberTextFieldWrapper.swift; sourceTree = "<group>"; };
		757A3D8B2B565C4A00BF8D61 /* EPay.app */ = {isa = PBXFileReference; explicitFileType = wrapper.application; includeInIndex = 0; path = EPay.app; sourceTree = BUILT_PRODUCTS_DIR; };
		757A3D8E2B565C4A00BF8D61 /* EPayApp.swift */ = {isa = PBXFileReference; lastKnownFileType = sourcecode.swift; path = EPayApp.swift; sourceTree = "<group>"; };
		757A3D902B565C4A00BF8D61 /* LoginView.swift */ = {isa = PBXFileReference; lastKnownFileType = sourcecode.swift; path = LoginView.swift; sourceTree = "<group>"; };
		757A3D922B565C4B00BF8D61 /* Assets.xcassets */ = {isa = PBXFileReference; lastKnownFileType = folder.assetcatalog; path = Assets.xcassets; sourceTree = "<group>"; };
		757A3D952B565C4B00BF8D61 /* Preview Assets.xcassets */ = {isa = PBXFileReference; lastKnownFileType = folder.assetcatalog; path = "Preview Assets.xcassets"; sourceTree = "<group>"; };
		757A3D9B2B565C4B00BF8D61 /* EPayTests.xctest */ = {isa = PBXFileReference; explicitFileType = wrapper.cfbundle; includeInIndex = 0; path = EPayTests.xctest; sourceTree = BUILT_PRODUCTS_DIR; };
		757A3D9F2B565C4B00BF8D61 /* EPayTests.swift */ = {isa = PBXFileReference; lastKnownFileType = sourcecode.swift; path = EPayTests.swift; sourceTree = "<group>"; };
		757A3DA52B565C4B00BF8D61 /* EPayUITests.xctest */ = {isa = PBXFileReference; explicitFileType = wrapper.cfbundle; includeInIndex = 0; path = EPayUITests.xctest; sourceTree = BUILT_PRODUCTS_DIR; };
		757A3DA92B565C4B00BF8D61 /* EPayUITests.swift */ = {isa = PBXFileReference; lastKnownFileType = sourcecode.swift; path = EPayUITests.swift; sourceTree = "<group>"; };
		757A3DAB2B565C4B00BF8D61 /* EPayUITestsLaunchTests.swift */ = {isa = PBXFileReference; lastKnownFileType = sourcecode.swift; path = EPayUITestsLaunchTests.swift; sourceTree = "<group>"; };
		7586BD592B5F8C1E0041B9A5 /* HomeView.swift */ = {isa = PBXFileReference; lastKnownFileType = sourcecode.swift; path = HomeView.swift; sourceTree = "<group>"; };
		7586BD5B2B5FABA40041B9A5 /* BottomButton.swift */ = {isa = PBXFileReference; lastKnownFileType = sourcecode.swift; path = BottomButton.swift; sourceTree = "<group>"; };
		7586BD5F2B5FB2A00041B9A5 /* BarTitle.swift */ = {isa = PBXFileReference; lastKnownFileType = sourcecode.swift; path = BarTitle.swift; sourceTree = "<group>"; };
		7586BD632B607CB10041B9A5 /* CircularLoading.swift */ = {isa = PBXFileReference; lastKnownFileType = sourcecode.swift; path = CircularLoading.swift; sourceTree = "<group>"; };
		758AB8252B588981000C968A /* Launch Screen.storyboard */ = {isa = PBXFileReference; lastKnownFileType = file.storyboard; path = "Launch Screen.storyboard"; sourceTree = "<group>"; };
/* End PBXFileReference section */

/* Begin PBXFrameworksBuildPhase section */
		757A3D882B565C4A00BF8D61 /* Frameworks */ = {
			isa = PBXFrameworksBuildPhase;
			buildActionMask = 2147483647;
			files = (
				758C1DEE2B62504C004CE379 /* PhoneNumberKit in Frameworks */,
			);
			runOnlyForDeploymentPostprocessing = 0;
		};
		757A3D982B565C4B00BF8D61 /* Frameworks */ = {
			isa = PBXFrameworksBuildPhase;
			buildActionMask = 2147483647;
			files = (
			);
			runOnlyForDeploymentPostprocessing = 0;
		};
		757A3DA22B565C4B00BF8D61 /* Frameworks */ = {
			isa = PBXFrameworksBuildPhase;
			buildActionMask = 2147483647;
			files = (
			);
			runOnlyForDeploymentPostprocessing = 0;
		};
/* End PBXFrameworksBuildPhase section */

/* Begin PBXGroup section */
		757A3D822B565C4A00BF8D61 = {
			isa = PBXGroup;
			children = (
				757A3D8D2B565C4A00BF8D61 /* EPay */,
				757A3D9E2B565C4B00BF8D61 /* EPayTests */,
				757A3DA82B565C4B00BF8D61 /* EPayUITests */,
				757A3D8C2B565C4A00BF8D61 /* Products */,
			);
			sourceTree = "<group>";
		};
		757A3D8C2B565C4A00BF8D61 /* Products */ = {
			isa = PBXGroup;
			children = (
				757A3D8B2B565C4A00BF8D61 /* EPay.app */,
				757A3D9B2B565C4B00BF8D61 /* EPayTests.xctest */,
				757A3DA52B565C4B00BF8D61 /* EPayUITests.xctest */,
			);
			name = Products;
			sourceTree = "<group>";
		};
		757A3D8D2B565C4A00BF8D61 /* EPay */ = {
			isa = PBXGroup;
			children = (
				756FBD9D2B5B6EAA00C385AA /* README.md */,
				757A3D8E2B565C4A00BF8D61 /* EPayApp.swift */,
				752004E92B5CDB6F00A68B9A /* Api.swift */,
				758AB8252B588981000C968A /* Launch Screen.storyboard */,
				757BD4D52B63134B00A0D46B /* Model */,
				757BD4D42B63134100A0D46B /* View */,
				757BD4D62B63137100A0D46B /* ViewModel */,
				757A3D922B565C4B00BF8D61 /* Assets.xcassets */,
				757A3D942B565C4B00BF8D61 /* Preview Content */,
			);
			path = EPay;
			sourceTree = "<group>";
		};
		757A3D942B565C4B00BF8D61 /* Preview Content */ = {
			isa = PBXGroup;
			children = (
				757A3D952B565C4B00BF8D61 /* Preview Assets.xcassets */,
			);
			path = "Preview Content";
			sourceTree = "<group>";
		};
		757A3D9E2B565C4B00BF8D61 /* EPayTests */ = {
			isa = PBXGroup;
			children = (
				757A3D9F2B565C4B00BF8D61 /* EPayTests.swift */,
			);
			path = EPayTests;
			sourceTree = "<group>";
		};
		757A3DA82B565C4B00BF8D61 /* EPayUITests */ = {
			isa = PBXGroup;
			children = (
				757A3DA92B565C4B00BF8D61 /* EPayUITests.swift */,
				757A3DAB2B565C4B00BF8D61 /* EPayUITestsLaunchTests.swift */,
			);
			path = EPayUITests;
			sourceTree = "<group>";
		};
		757BD4D42B63134100A0D46B /* View */ = {
			isa = PBXGroup;
			children = (
				757A3D902B565C4A00BF8D61 /* LoginView.swift */,
				752004EB2B5CF5DB00A68B9A /* VerificationView.swift */,
				7586BD592B5F8C1E0041B9A5 /* HomeView.swift */,
			);
			path = View;
			sourceTree = "<group>";
		};
		757BD4D52B63134B00A0D46B /* Model */ = {
			isa = PBXGroup;
			children = (
				756FBD9F2B5C21B000C385AA /* LoginViewModel.swift */,
				756FBDA12B5C223200C385AA /* PhoneNumberTextFieldWrapper.swift */,
			);
			path = Model;
			sourceTree = "<group>";
		};
		757BD4D62B63137100A0D46B /* ViewModel */ = {
			isa = PBXGroup;
			children = (
				7586BD5F2B5FB2A00041B9A5 /* BarTitle.swift */,
				7586BD5B2B5FABA40041B9A5 /* BottomButton.swift */,
				7586BD632B607CB10041B9A5 /* CircularLoading.swift */,
			);
			path = ViewModel;
			sourceTree = "<group>";
		};
/* End PBXGroup section */

/* Begin PBXNativeTarget section */
		757A3D8A2B565C4A00BF8D61 /* EPay */ = {
			isa = PBXNativeTarget;
			buildConfigurationList = 757A3DAF2B565C4B00BF8D61 /* Build configuration list for PBXNativeTarget "EPay" */;
			buildPhases = (
				757A3D872B565C4A00BF8D61 /* Sources */,
				757A3D882B565C4A00BF8D61 /* Frameworks */,
				757A3D892B565C4A00BF8D61 /* Resources */,
				758C1DEB2B624FB0004CE379 /* Embed Frameworks */,
			);
			buildRules = (
			);
			dependencies = (
			);
			name = EPay;
			packageProductDependencies = (
				758C1DED2B62504C004CE379 /* PhoneNumberKit */,
			);
			productName = Homework1;
			productReference = 757A3D8B2B565C4A00BF8D61 /* EPay.app */;
			productType = "com.apple.product-type.application";
		};
		757A3D9A2B565C4B00BF8D61 /* EPayTests */ = {
			isa = PBXNativeTarget;
			buildConfigurationList = 757A3DB22B565C4B00BF8D61 /* Build configuration list for PBXNativeTarget "EPayTests" */;
			buildPhases = (
				757A3D972B565C4B00BF8D61 /* Sources */,
				757A3D982B565C4B00BF8D61 /* Frameworks */,
				757A3D992B565C4B00BF8D61 /* Resources */,
			);
			buildRules = (
			);
			dependencies = (
				757A3D9D2B565C4B00BF8D61 /* PBXTargetDependency */,
			);
			name = EPayTests;
			productName = Homework1Tests;
			productReference = 757A3D9B2B565C4B00BF8D61 /* EPayTests.xctest */;
			productType = "com.apple.product-type.bundle.unit-test";
		};
		757A3DA42B565C4B00BF8D61 /* EPayUITests */ = {
			isa = PBXNativeTarget;
			buildConfigurationList = 757A3DB52B565C4B00BF8D61 /* Build configuration list for PBXNativeTarget "EPayUITests" */;
			buildPhases = (
				757A3DA12B565C4B00BF8D61 /* Sources */,
				757A3DA22B565C4B00BF8D61 /* Frameworks */,
				757A3DA32B565C4B00BF8D61 /* Resources */,
			);
			buildRules = (
			);
			dependencies = (
				757A3DA72B565C4B00BF8D61 /* PBXTargetDependency */,
			);
			name = EPayUITests;
			productName = Homework1UITests;
			productReference = 757A3DA52B565C4B00BF8D61 /* EPayUITests.xctest */;
			productType = "com.apple.product-type.bundle.ui-testing";
		};
/* End PBXNativeTarget section */

/* Begin PBXProject section */
		757A3D832B565C4A00BF8D61 /* Project object */ = {
			isa = PBXProject;
			attributes = {
				BuildIndependentTargetsInParallel = 1;
				LastSwiftUpdateCheck = 1520;
				LastUpgradeCheck = 1520;
				TargetAttributes = {
					757A3D8A2B565C4A00BF8D61 = {
						CreatedOnToolsVersion = 15.2;
					};
					757A3D9A2B565C4B00BF8D61 = {
						CreatedOnToolsVersion = 15.2;
						TestTargetID = 757A3D8A2B565C4A00BF8D61;
					};
					757A3DA42B565C4B00BF8D61 = {
						CreatedOnToolsVersion = 15.2;
						TestTargetID = 757A3D8A2B565C4A00BF8D61;
					};
				};
			};
			buildConfigurationList = 757A3D862B565C4A00BF8D61 /* Build configuration list for PBXProject "EPay" */;
			compatibilityVersion = "Xcode 14.0";
			developmentRegion = en;
			hasScannedForEncodings = 0;
			knownRegions = (
				en,
				Base,
			);
			mainGroup = 757A3D822B565C4A00BF8D61;
			packageReferences = (
				758C1DEC2B62504C004CE379 /* XCRemoteSwiftPackageReference "PhoneNumberKit" */,
			);
			productRefGroup = 757A3D8C2B565C4A00BF8D61 /* Products */;
			projectDirPath = "";
			projectRoot = "";
			targets = (
				757A3D8A2B565C4A00BF8D61 /* EPay */,
				757A3D9A2B565C4B00BF8D61 /* EPayTests */,
				757A3DA42B565C4B00BF8D61 /* EPayUITests */,
			);
		};
/* End PBXProject section */

/* Begin PBXResourcesBuildPhase section */
		757A3D892B565C4A00BF8D61 /* Resources */ = {
			isa = PBXResourcesBuildPhase;
			buildActionMask = 2147483647;
			files = (
				758AB8262B588981000C968A /* Launch Screen.storyboard in Resources */,
				757A3D962B565C4B00BF8D61 /* Preview Assets.xcassets in Resources */,
				756FBD9E2B5B6EAA00C385AA /* README.md in Resources */,
				757A3D932B565C4B00BF8D61 /* Assets.xcassets in Resources */,
			);
			runOnlyForDeploymentPostprocessing = 0;
		};
		757A3D992B565C4B00BF8D61 /* Resources */ = {
			isa = PBXResourcesBuildPhase;
			buildActionMask = 2147483647;
			files = (
			);
			runOnlyForDeploymentPostprocessing = 0;
		};
		757A3DA32B565C4B00BF8D61 /* Resources */ = {
			isa = PBXResourcesBuildPhase;
			buildActionMask = 2147483647;
			files = (
			);
			runOnlyForDeploymentPostprocessing = 0;
		};
/* End PBXResourcesBuildPhase section */

/* Begin PBXSourcesBuildPhase section */
		757A3D872B565C4A00BF8D61 /* Sources */ = {
			isa = PBXSourcesBuildPhase;
			buildActionMask = 2147483647;
			files = (
				757A3D912B565C4A00BF8D61 /* LoginView.swift in Sources */,
				7586BD642B607CB10041B9A5 /* CircularLoading.swift in Sources */,
				7586BD5A2B5F8C1E0041B9A5 /* HomeView.swift in Sources */,
				7586BD602B5FB2A00041B9A5 /* BarTitle.swift in Sources */,
				757A3D8F2B565C4A00BF8D61 /* EPayApp.swift in Sources */,
				756FBDA02B5C21B000C385AA /* LoginViewModel.swift in Sources */,
				752004EC2B5CF5DB00A68B9A /* VerificationView.swift in Sources */,
				752004EA2B5CDB7000A68B9A /* Api.swift in Sources */,
				7586BD5C2B5FABA40041B9A5 /* BottomButton.swift in Sources */,
				756FBDA22B5C223200C385AA /* PhoneNumberTextFieldWrapper.swift in Sources */,
			);
			runOnlyForDeploymentPostprocessing = 0;
		};
		757A3D972B565C4B00BF8D61 /* Sources */ = {
			isa = PBXSourcesBuildPhase;
			buildActionMask = 2147483647;
			files = (
				757A3DA02B565C4B00BF8D61 /* EPayTests.swift in Sources */,
			);
			runOnlyForDeploymentPostprocessing = 0;
		};
		757A3DA12B565C4B00BF8D61 /* Sources */ = {
			isa = PBXSourcesBuildPhase;
			buildActionMask = 2147483647;
			files = (
				757A3DAC2B565C4B00BF8D61 /* EPayUITestsLaunchTests.swift in Sources */,
				757A3DAA2B565C4B00BF8D61 /* EPayUITests.swift in Sources */,
			);
			runOnlyForDeploymentPostprocessing = 0;
		};
/* End PBXSourcesBuildPhase section */

/* Begin PBXTargetDependency section */
		757A3D9D2B565C4B00BF8D61 /* PBXTargetDependency */ = {
			isa = PBXTargetDependency;
			target = 757A3D8A2B565C4A00BF8D61 /* EPay */;
			targetProxy = 757A3D9C2B565C4B00BF8D61 /* PBXContainerItemProxy */;
		};
		757A3DA72B565C4B00BF8D61 /* PBXTargetDependency */ = {
			isa = PBXTargetDependency;
			target = 757A3D8A2B565C4A00BF8D61 /* EPay */;
			targetProxy = 757A3DA62B565C4B00BF8D61 /* PBXContainerItemProxy */;
		};
/* End PBXTargetDependency section */

/* Begin XCBuildConfiguration section */
		757A3DAD2B565C4B00BF8D61 /* Debug */ = {
			isa = XCBuildConfiguration;
			buildSettings = {
				ALWAYS_SEARCH_USER_PATHS = NO;
				ASSETCATALOG_COMPILER_GENERATE_SWIFT_ASSET_SYMBOL_EXTENSIONS = YES;
				CLANG_ANALYZER_NONNULL = YES;
				CLANG_ANALYZER_NUMBER_OBJECT_CONVERSION = YES_AGGRESSIVE;
				CLANG_CXX_LANGUAGE_STANDARD = "gnu++20";
				CLANG_ENABLE_MODULES = YES;
				CLANG_ENABLE_OBJC_ARC = YES;
				CLANG_ENABLE_OBJC_WEAK = YES;
				CLANG_WARN_BLOCK_CAPTURE_AUTORELEASING = YES;
				CLANG_WARN_BOOL_CONVERSION = YES;
				CLANG_WARN_COMMA = YES;
				CLANG_WARN_CONSTANT_CONVERSION = YES;
				CLANG_WARN_DEPRECATED_OBJC_IMPLEMENTATIONS = YES;
				CLANG_WARN_DIRECT_OBJC_ISA_USAGE = YES_ERROR;
				CLANG_WARN_DOCUMENTATION_COMMENTS = YES;
				CLANG_WARN_EMPTY_BODY = YES;
				CLANG_WARN_ENUM_CONVERSION = YES;
				CLANG_WARN_INFINITE_RECURSION = YES;
				CLANG_WARN_INT_CONVERSION = YES;
				CLANG_WARN_NON_LITERAL_NULL_CONVERSION = YES;
				CLANG_WARN_OBJC_IMPLICIT_RETAIN_SELF = YES;
				CLANG_WARN_OBJC_LITERAL_CONVERSION = YES;
				CLANG_WARN_OBJC_ROOT_CLASS = YES_ERROR;
				CLANG_WARN_QUOTED_INCLUDE_IN_FRAMEWORK_HEADER = YES;
				CLANG_WARN_RANGE_LOOP_ANALYSIS = YES;
				CLANG_WARN_STRICT_PROTOTYPES = YES;
				CLANG_WARN_SUSPICIOUS_MOVE = YES;
				CLANG_WARN_UNGUARDED_AVAILABILITY = YES_AGGRESSIVE;
				CLANG_WARN_UNREACHABLE_CODE = YES;
				CLANG_WARN__DUPLICATE_METHOD_MATCH = YES;
				COPY_PHASE_STRIP = NO;
				DEBUG_INFORMATION_FORMAT = dwarf;
				ENABLE_STRICT_OBJC_MSGSEND = YES;
				ENABLE_TESTABILITY = YES;
				ENABLE_USER_SCRIPT_SANDBOXING = YES;
				GCC_C_LANGUAGE_STANDARD = gnu17;
				GCC_DYNAMIC_NO_PIC = NO;
				GCC_NO_COMMON_BLOCKS = YES;
				GCC_OPTIMIZATION_LEVEL = 0;
				GCC_PREPROCESSOR_DEFINITIONS = (
					"DEBUG=1",
					"$(inherited)",
				);
				GCC_WARN_64_TO_32_BIT_CONVERSION = YES;
				GCC_WARN_ABOUT_RETURN_TYPE = YES_ERROR;
				GCC_WARN_UNDECLARED_SELECTOR = YES;
				GCC_WARN_UNINITIALIZED_AUTOS = YES_AGGRESSIVE;
				GCC_WARN_UNUSED_FUNCTION = YES;
				GCC_WARN_UNUSED_VARIABLE = YES;
				IPHONEOS_DEPLOYMENT_TARGET = 17.2;
				LOCALIZATION_PREFERS_STRING_CATALOGS = YES;
				MTL_ENABLE_DEBUG_INFO = INCLUDE_SOURCE;
				MTL_FAST_MATH = YES;
				ONLY_ACTIVE_ARCH = YES;
				SDKROOT = iphoneos;
				SWIFT_ACTIVE_COMPILATION_CONDITIONS = "DEBUG $(inherited)";
				SWIFT_OPTIMIZATION_LEVEL = "-Onone";
			};
			name = Debug;
		};
		757A3DAE2B565C4B00BF8D61 /* Release */ = {
			isa = XCBuildConfiguration;
			buildSettings = {
				ALWAYS_SEARCH_USER_PATHS = NO;
				ASSETCATALOG_COMPILER_GENERATE_SWIFT_ASSET_SYMBOL_EXTENSIONS = YES;
				CLANG_ANALYZER_NONNULL = YES;
				CLANG_ANALYZER_NUMBER_OBJECT_CONVERSION = YES_AGGRESSIVE;
				CLANG_CXX_LANGUAGE_STANDARD = "gnu++20";
				CLANG_ENABLE_MODULES = YES;
				CLANG_ENABLE_OBJC_ARC = YES;
				CLANG_ENABLE_OBJC_WEAK = YES;
				CLANG_WARN_BLOCK_CAPTURE_AUTORELEASING = YES;
				CLANG_WARN_BOOL_CONVERSION = YES;
				CLANG_WARN_COMMA = YES;
				CLANG_WARN_CONSTANT_CONVERSION = YES;
				CLANG_WARN_DEPRECATED_OBJC_IMPLEMENTATIONS = YES;
				CLANG_WARN_DIRECT_OBJC_ISA_USAGE = YES_ERROR;
				CLANG_WARN_DOCUMENTATION_COMMENTS = YES;
				CLANG_WARN_EMPTY_BODY = YES;
				CLANG_WARN_ENUM_CONVERSION = YES;
				CLANG_WARN_INFINITE_RECURSION = YES;
				CLANG_WARN_INT_CONVERSION = YES;
				CLANG_WARN_NON_LITERAL_NULL_CONVERSION = YES;
				CLANG_WARN_OBJC_IMPLICIT_RETAIN_SELF = YES;
				CLANG_WARN_OBJC_LITERAL_CONVERSION = YES;
				CLANG_WARN_OBJC_ROOT_CLASS = YES_ERROR;
				CLANG_WARN_QUOTED_INCLUDE_IN_FRAMEWORK_HEADER = YES;
				CLANG_WARN_RANGE_LOOP_ANALYSIS = YES;
				CLANG_WARN_STRICT_PROTOTYPES = YES;
				CLANG_WARN_SUSPICIOUS_MOVE = YES;
				CLANG_WARN_UNGUARDED_AVAILABILITY = YES_AGGRESSIVE;
				CLANG_WARN_UNREACHABLE_CODE = YES;
				CLANG_WARN__DUPLICATE_METHOD_MATCH = YES;
				COPY_PHASE_STRIP = NO;
				DEBUG_INFORMATION_FORMAT = "dwarf-with-dsym";
				ENABLE_NS_ASSERTIONS = NO;
				ENABLE_STRICT_OBJC_MSGSEND = YES;
				ENABLE_USER_SCRIPT_SANDBOXING = YES;
				GCC_C_LANGUAGE_STANDARD = gnu17;
				GCC_NO_COMMON_BLOCKS = YES;
				GCC_WARN_64_TO_32_BIT_CONVERSION = YES;
				GCC_WARN_ABOUT_RETURN_TYPE = YES_ERROR;
				GCC_WARN_UNDECLARED_SELECTOR = YES;
				GCC_WARN_UNINITIALIZED_AUTOS = YES_AGGRESSIVE;
				GCC_WARN_UNUSED_FUNCTION = YES;
				GCC_WARN_UNUSED_VARIABLE = YES;
				IPHONEOS_DEPLOYMENT_TARGET = 17.2;
				LOCALIZATION_PREFERS_STRING_CATALOGS = YES;
				MTL_ENABLE_DEBUG_INFO = NO;
				MTL_FAST_MATH = YES;
				SDKROOT = iphoneos;
				SWIFT_COMPILATION_MODE = wholemodule;
				VALIDATE_PRODUCT = YES;
			};
			name = Release;
		};
		757A3DB02B565C4B00BF8D61 /* Debug */ = {
			isa = XCBuildConfiguration;
			buildSettings = {
				ASSETCATALOG_COMPILER_APPICON_NAME = AppIcon;
				ASSETCATALOG_COMPILER_GLOBAL_ACCENT_COLOR_NAME = AccentColor;
				CODE_SIGN_STYLE = Automatic;
				CURRENT_PROJECT_VERSION = 1;
				DEVELOPMENT_ASSET_PATHS = "\"EPay/Preview Content\"";
				DEVELOPMENT_TEAM = BU4NVKNK4C;
				ENABLE_PREVIEWS = YES;
				GENERATE_INFOPLIST_FILE = YES;
				INFOPLIST_KEY_UIApplicationSceneManifest_Generation = YES;
				INFOPLIST_KEY_UIApplicationSupportsIndirectInputEvents = YES;
				INFOPLIST_KEY_UILaunchScreen_Generation = YES;
				INFOPLIST_KEY_UILaunchStoryboardName = "Launch Screen.storyboard";
				INFOPLIST_KEY_UISupportedInterfaceOrientations_iPad = "UIInterfaceOrientationPortrait UIInterfaceOrientationPortraitUpsideDown UIInterfaceOrientationLandscapeLeft UIInterfaceOrientationLandscapeRight";
				INFOPLIST_KEY_UISupportedInterfaceOrientations_iPhone = "UIInterfaceOrientationPortrait UIInterfaceOrientationLandscapeLeft UIInterfaceOrientationLandscapeRight";
				LD_RUNPATH_SEARCH_PATHS = (
					"$(inherited)",
					"@executable_path/Frameworks",
				);
				MARKETING_VERSION = 1.0;
				PRODUCT_BUNDLE_IDENTIFIER = edu.ucdavis.cs.ecs189e.Homework1;
				PRODUCT_NAME = "$(TARGET_NAME)";
				SWIFT_EMIT_LOC_STRINGS = YES;
				SWIFT_VERSION = 5.0;
				TARGETED_DEVICE_FAMILY = "1,2";
			};
			name = Debug;
		};
		757A3DB12B565C4B00BF8D61 /* Release */ = {
			isa = XCBuildConfiguration;
			buildSettings = {
				ASSETCATALOG_COMPILER_APPICON_NAME = AppIcon;
				ASSETCATALOG_COMPILER_GLOBAL_ACCENT_COLOR_NAME = AccentColor;
				CODE_SIGN_STYLE = Automatic;
				CURRENT_PROJECT_VERSION = 1;
				DEVELOPMENT_ASSET_PATHS = "\"EPay/Preview Content\"";
				DEVELOPMENT_TEAM = BU4NVKNK4C;
				ENABLE_PREVIEWS = YES;
				GENERATE_INFOPLIST_FILE = YES;
				INFOPLIST_KEY_UIApplicationSceneManifest_Generation = YES;
				INFOPLIST_KEY_UIApplicationSupportsIndirectInputEvents = YES;
				INFOPLIST_KEY_UILaunchScreen_Generation = YES;
				INFOPLIST_KEY_UILaunchStoryboardName = "Launch Screen.storyboard";
				INFOPLIST_KEY_UISupportedInterfaceOrientations_iPad = "UIInterfaceOrientationPortrait UIInterfaceOrientationPortraitUpsideDown UIInterfaceOrientationLandscapeLeft UIInterfaceOrientationLandscapeRight";
				INFOPLIST_KEY_UISupportedInterfaceOrientations_iPhone = "UIInterfaceOrientationPortrait UIInterfaceOrientationLandscapeLeft UIInterfaceOrientationLandscapeRight";
				LD_RUNPATH_SEARCH_PATHS = (
					"$(inherited)",
					"@executable_path/Frameworks",
				);
				MARKETING_VERSION = 1.0;
				PRODUCT_BUNDLE_IDENTIFIER = edu.ucdavis.cs.ecs189e.Homework1;
				PRODUCT_NAME = "$(TARGET_NAME)";
				SWIFT_EMIT_LOC_STRINGS = YES;
				SWIFT_VERSION = 5.0;
				TARGETED_DEVICE_FAMILY = "1,2";
			};
			name = Release;
		};
		757A3DB32B565C4B00BF8D61 /* Debug */ = {
			isa = XCBuildConfiguration;
			buildSettings = {
				ALWAYS_EMBED_SWIFT_STANDARD_LIBRARIES = YES;
				BUNDLE_LOADER = "$(TEST_HOST)";
				CODE_SIGN_STYLE = Automatic;
				CURRENT_PROJECT_VERSION = 1;
				GENERATE_INFOPLIST_FILE = YES;
				IPHONEOS_DEPLOYMENT_TARGET = 17.2;
				MARKETING_VERSION = 1.0;
				PRODUCT_BUNDLE_IDENTIFIER = edu.ucdavis.cs.ecs189e.Homework1Tests;
				PRODUCT_NAME = "$(TARGET_NAME)";
				SWIFT_EMIT_LOC_STRINGS = NO;
				SWIFT_VERSION = 5.0;
				TARGETED_DEVICE_FAMILY = "1,2";
				TEST_HOST = "$(BUILT_PRODUCTS_DIR)/EPay.app/$(BUNDLE_EXECUTABLE_FOLDER_PATH)/EPay";
			};
			name = Debug;
		};
		757A3DB42B565C4B00BF8D61 /* Release */ = {
			isa = XCBuildConfiguration;
			buildSettings = {
				ALWAYS_EMBED_SWIFT_STANDARD_LIBRARIES = YES;
				BUNDLE_LOADER = "$(TEST_HOST)";
				CODE_SIGN_STYLE = Automatic;
				CURRENT_PROJECT_VERSION = 1;
				GENERATE_INFOPLIST_FILE = YES;
				IPHONEOS_DEPLOYMENT_TARGET = 17.2;
				MARKETING_VERSION = 1.0;
				PRODUCT_BUNDLE_IDENTIFIER = edu.ucdavis.cs.ecs189e.Homework1Tests;
				PRODUCT_NAME = "$(TARGET_NAME)";
				SWIFT_EMIT_LOC_STRINGS = NO;
				SWIFT_VERSION = 5.0;
				TARGETED_DEVICE_FAMILY = "1,2";
				TEST_HOST = "$(BUILT_PRODUCTS_DIR)/EPay.app/$(BUNDLE_EXECUTABLE_FOLDER_PATH)/EPay";
			};
			name = Release;
		};
		757A3DB62B565C4B00BF8D61 /* Debug */ = {
			isa = XCBuildConfiguration;
			buildSettings = {
				ALWAYS_EMBED_SWIFT_STANDARD_LIBRARIES = YES;
				CODE_SIGN_STYLE = Automatic;
				CURRENT_PROJECT_VERSION = 1;
				GENERATE_INFOPLIST_FILE = YES;
				MARKETING_VERSION = 1.0;
				PRODUCT_BUNDLE_IDENTIFIER = edu.ucdavis.cs.ecs189e.Homework1UITests;
				PRODUCT_NAME = "$(TARGET_NAME)";
				SWIFT_EMIT_LOC_STRINGS = NO;
				SWIFT_VERSION = 5.0;
				TARGETED_DEVICE_FAMILY = "1,2";
				TEST_TARGET_NAME = Homework1;
			};
			name = Debug;
		};
		757A3DB72B565C4B00BF8D61 /* Release */ = {
			isa = XCBuildConfiguration;
			buildSettings = {
				ALWAYS_EMBED_SWIFT_STANDARD_LIBRARIES = YES;
				CODE_SIGN_STYLE = Automatic;
				CURRENT_PROJECT_VERSION = 1;
				GENERATE_INFOPLIST_FILE = YES;
				MARKETING_VERSION = 1.0;
				PRODUCT_BUNDLE_IDENTIFIER = edu.ucdavis.cs.ecs189e.Homework1UITests;
				PRODUCT_NAME = "$(TARGET_NAME)";
				SWIFT_EMIT_LOC_STRINGS = NO;
				SWIFT_VERSION = 5.0;
				TARGETED_DEVICE_FAMILY = "1,2";
				TEST_TARGET_NAME = Homework1;
			};
			name = Release;
		};
/* End XCBuildConfiguration section */

/* Begin XCConfigurationList section */
		757A3D862B565C4A00BF8D61 /* Build configuration list for PBXProject "EPay" */ = {
			isa = XCConfigurationList;
			buildConfigurations = (
				757A3DAD2B565C4B00BF8D61 /* Debug */,
				757A3DAE2B565C4B00BF8D61 /* Release */,
			);
			defaultConfigurationIsVisible = 0;
			defaultConfigurationName = Release;
		};
		757A3DAF2B565C4B00BF8D61 /* Build configuration list for PBXNativeTarget "EPay" */ = {
			isa = XCConfigurationList;
			buildConfigurations = (
				757A3DB02B565C4B00BF8D61 /* Debug */,
				757A3DB12B565C4B00BF8D61 /* Release */,
			);
			defaultConfigurationIsVisible = 0;
			defaultConfigurationName = Release;
		};
		757A3DB22B565C4B00BF8D61 /* Build configuration list for PBXNativeTarget "EPayTests" */ = {
			isa = XCConfigurationList;
			buildConfigurations = (
				757A3DB32B565C4B00BF8D61 /* Debug */,
				757A3DB42B565C4B00BF8D61 /* Release */,
			);
			defaultConfigurationIsVisible = 0;
			defaultConfigurationName = Release;
		};
		757A3DB52B565C4B00BF8D61 /* Build configuration list for PBXNativeTarget "EPayUITests" */ = {
			isa = XCConfigurationList;
			buildConfigurations = (
				757A3DB62B565C4B00BF8D61 /* Debug */,
				757A3DB72B565C4B00BF8D61 /* Release */,
			);
			defaultConfigurationIsVisible = 0;
			defaultConfigurationName = Release;
		};
/* End XCConfigurationList section */

/* Begin XCRemoteSwiftPackageReference section */
		758C1DEC2B62504C004CE379 /* XCRemoteSwiftPackageReference "PhoneNumberKit" */ = {
			isa = XCRemoteSwiftPackageReference;
			repositoryURL = "https://github.com/marmelroy/PhoneNumberKit.git";
			requirement = {
				kind = upToNextMajorVersion;
				minimumVersion = 3.7.6;
			};
		};
/* End XCRemoteSwiftPackageReference section */

/* Begin XCSwiftPackageProductDependency section */
		758C1DED2B62504C004CE379 /* PhoneNumberKit */ = {
			isa = XCSwiftPackageProductDependency;
			package = 758C1DEC2B62504C004CE379 /* XCRemoteSwiftPackageReference "PhoneNumberKit" */;
			productName = PhoneNumberKit;
		};
/* End XCSwiftPackageProductDependency section */
	};
	rootObject = 757A3D832B565C4A00BF8D61 /* Project object */;
}
